// !$*UTF8*$!
{
	archiveVersion = 1;
	classes = {
	};
	objectVersion = 50;
	objects = {

/* Begin PBXBuildFile section */
		5290FE07244F70450059DB27 /* AppDelegate.swift in Sources */ = {isa = PBXBuildFile; fileRef = 5290FE06244F70450059DB27 /* AppDelegate.swift */; };
		5290FE09244F70450059DB27 /* ViewController.swift in Sources */ = {isa = PBXBuildFile; fileRef = 5290FE08244F70450059DB27 /* ViewController.swift */; };
		5290FE0C244F70450059DB27 /* Main.storyboard in Resources */ = {isa = PBXBuildFile; fileRef = 5290FE0A244F70450059DB27 /* Main.storyboard */; };
		5290FE0E244F70450059DB27 /* Assets.xcassets in Resources */ = {isa = PBXBuildFile; fileRef = 5290FE0D244F70450059DB27 /* Assets.xcassets */; };
		5290FE11244F70450059DB27 /* LaunchScreen.storyboard in Resources */ = {isa = PBXBuildFile; fileRef = 5290FE0F244F70450059DB27 /* LaunchScreen.storyboard */; };
		5290FE1C244F70450059DB27 /* excusemakerTests.swift in Sources */ = {isa = PBXBuildFile; fileRef = 5290FE1B244F70450059DB27 /* excusemakerTests.swift */; };
		5290FE27244F70460059DB27 /* excusemakerUITests.swift in Sources */ = {isa = PBXBuildFile; fileRef = 5290FE26244F70460059DB27 /* excusemakerUITests.swift */; };
		52997333246DB1FF003484B7 /* SettingsTableViewController.swift in Sources */ = {isa = PBXBuildFile; fileRef = 52997332246DB1FF003484B7 /* SettingsTableViewController.swift */; };
		52997337246DBC34003484B7 /* RepoTableViewController.swift in Sources */ = {isa = PBXBuildFile; fileRef = 52997336246DBC34003484B7 /* RepoTableViewController.swift */; };
		52B24FE0246EFD3E00A2A204 /* HistoryTableViewController.swift in Sources */ = {isa = PBXBuildFile; fileRef = 52B24FDF246EFD3E00A2A204 /* HistoryTableViewController.swift */; };
		52B24FE3246F0B0300A2A204 /* Localizable.strings in Resources */ = {isa = PBXBuildFile; fileRef = 52B24FE5246F0B0300A2A204 /* Localizable.strings */; };
/* End PBXBuildFile section */

/* Begin PBXContainerItemProxy section */
		5290FE18244F70450059DB27 /* PBXContainerItemProxy */ = {
			isa = PBXContainerItemProxy;
			containerPortal = 5290FDFB244F70450059DB27 /* Project object */;
			proxyType = 1;
			remoteGlobalIDString = 5290FE02244F70450059DB27;
			remoteInfo = excusemaker;
		};
		5290FE23244F70460059DB27 /* PBXContainerItemProxy */ = {
			isa = PBXContainerItemProxy;
			containerPortal = 5290FDFB244F70450059DB27 /* Project object */;
			proxyType = 1;
			remoteGlobalIDString = 5290FE02244F70450059DB27;
			remoteInfo = excusemaker;
		};
/* End PBXContainerItemProxy section */

/* Begin PBXFileReference section */
		5290FE03244F70450059DB27 /* excusemaker.app */ = {isa = PBXFileReference; explicitFileType = wrapper.application; includeInIndex = 0; path = excusemaker.app; sourceTree = BUILT_PRODUCTS_DIR; };
		5290FE06244F70450059DB27 /* AppDelegate.swift */ = {isa = PBXFileReference; lastKnownFileType = sourcecode.swift; path = AppDelegate.swift; sourceTree = "<group>"; };
		5290FE08244F70450059DB27 /* ViewController.swift */ = {isa = PBXFileReference; lastKnownFileType = sourcecode.swift; path = ViewController.swift; sourceTree = "<group>"; wrapsLines = 0; };
		5290FE0D244F70450059DB27 /* Assets.xcassets */ = {isa = PBXFileReference; lastKnownFileType = folder.assetcatalog; path = Assets.xcassets; sourceTree = "<group>"; };
		5290FE12244F70450059DB27 /* Info.plist */ = {isa = PBXFileReference; lastKnownFileType = text.plist.xml; path = Info.plist; sourceTree = "<group>"; };
		5290FE17244F70450059DB27 /* excusemakerTests.xctest */ = {isa = PBXFileReference; explicitFileType = wrapper.cfbundle; includeInIndex = 0; path = excusemakerTests.xctest; sourceTree = BUILT_PRODUCTS_DIR; };
		5290FE1B244F70450059DB27 /* excusemakerTests.swift */ = {isa = PBXFileReference; lastKnownFileType = sourcecode.swift; path = excusemakerTests.swift; sourceTree = "<group>"; };
		5290FE1D244F70450059DB27 /* Info.plist */ = {isa = PBXFileReference; lastKnownFileType = text.plist.xml; path = Info.plist; sourceTree = "<group>"; };
		5290FE22244F70460059DB27 /* excusemakerUITests.xctest */ = {isa = PBXFileReference; explicitFileType = wrapper.cfbundle; includeInIndex = 0; path = excusemakerUITests.xctest; sourceTree = BUILT_PRODUCTS_DIR; };
		5290FE26244F70460059DB27 /* excusemakerUITests.swift */ = {isa = PBXFileReference; lastKnownFileType = sourcecode.swift; path = excusemakerUITests.swift; sourceTree = "<group>"; };
		5290FE28244F70460059DB27 /* Info.plist */ = {isa = PBXFileReference; lastKnownFileType = text.plist.xml; path = Info.plist; sourceTree = "<group>"; };
		52997332246DB1FF003484B7 /* SettingsTableViewController.swift */ = {isa = PBXFileReference; lastKnownFileType = sourcecode.swift; path = SettingsTableViewController.swift; sourceTree = "<group>"; };
		52997336246DBC34003484B7 /* RepoTableViewController.swift */ = {isa = PBXFileReference; lastKnownFileType = sourcecode.swift; path = RepoTableViewController.swift; sourceTree = "<group>"; };
		52B24FDF246EFD3E00A2A204 /* HistoryTableViewController.swift */ = {isa = PBXFileReference; lastKnownFileType = sourcecode.swift; path = HistoryTableViewController.swift; sourceTree = "<group>"; };
		52B24FE1246F09C800A2A204 /* de */ = {isa = PBXFileReference; lastKnownFileType = text.plist.strings; name = de; path = de.lproj/Main.strings; sourceTree = "<group>"; };
		52B24FE2246F09C900A2A204 /* de */ = {isa = PBXFileReference; lastKnownFileType = text.plist.strings; name = de; path = de.lproj/LaunchScreen.strings; sourceTree = "<group>"; };
		52B24FE4246F0B0300A2A204 /* de */ = {isa = PBXFileReference; lastKnownFileType = text.plist.strings; name = de; path = de.lproj/Localizable.strings; sourceTree = "<group>"; };
		52B24FE6246F0B0600A2A204 /* en */ = {isa = PBXFileReference; lastKnownFileType = text.plist.strings; name = en; path = en.lproj/Localizable.strings; sourceTree = "<group>"; };
		52FEE02224504DD2000F1CE8 /* Base */ = {isa = PBXFileReference; lastKnownFileType = file.storyboard; name = Base; path = Base.lproj/Main.storyboard; sourceTree = "<group>"; };
		52FEE02324504DD2000F1CE8 /* Base */ = {isa = PBXFileReference; lastKnownFileType = file.storyboard; name = Base; path = Base.lproj/LaunchScreen.storyboard; sourceTree = "<group>"; };
/* End PBXFileReference section */

/* Begin PBXFrameworksBuildPhase section */
		5290FE00244F70450059DB27 /* Frameworks */ = {
			isa = PBXFrameworksBuildPhase;
			buildActionMask = 2147483647;
			files = (
			);
			runOnlyForDeploymentPostprocessing = 0;
		};
		5290FE14244F70450059DB27 /* Frameworks */ = {
			isa = PBXFrameworksBuildPhase;
			buildActionMask = 2147483647;
			files = (
			);
			runOnlyForDeploymentPostprocessing = 0;
		};
		5290FE1F244F70460059DB27 /* Frameworks */ = {
			isa = PBXFrameworksBuildPhase;
			buildActionMask = 2147483647;
			files = (
			);
			runOnlyForDeploymentPostprocessing = 0;
		};
/* End PBXFrameworksBuildPhase section */

/* Begin PBXGroup section */
		5290FDFA244F70450059DB27 = {
			isa = PBXGroup;
			children = (
				5290FE05244F70450059DB27 /* excusemaker */,
				5290FE1A244F70450059DB27 /* excusemakerTests */,
				5290FE25244F70460059DB27 /* excusemakerUITests */,
				5290FE04244F70450059DB27 /* Products */,
			);
			sourceTree = "<group>";
		};
		5290FE04244F70450059DB27 /* Products */ = {
			isa = PBXGroup;
			children = (
				5290FE03244F70450059DB27 /* excusemaker.app */,
				5290FE17244F70450059DB27 /* excusemakerTests.xctest */,
				5290FE22244F70460059DB27 /* excusemakerUITests.xctest */,
			);
			name = Products;
			sourceTree = "<group>";
		};
		5290FE05244F70450059DB27 /* excusemaker */ = {
			isa = PBXGroup;
			children = (
				5290FE06244F70450059DB27 /* AppDelegate.swift */,
				5290FE0A244F70450059DB27 /* Main.storyboard */,
				5290FE0D244F70450059DB27 /* Assets.xcassets */,
				5290FE0F244F70450059DB27 /* LaunchScreen.storyboard */,
				5290FE12244F70450059DB27 /* Info.plist */,
				52B24FE5246F0B0300A2A204 /* Localizable.strings */,
				52997332246DB1FF003484B7 /* SettingsTableViewController.swift */,
				5290FE08244F70450059DB27 /* ViewController.swift */,
				52997336246DBC34003484B7 /* RepoTableViewController.swift */,
				52B24FDF246EFD3E00A2A204 /* HistoryTableViewController.swift */,
			);
			path = excusemaker;
			sourceTree = "<group>";
		};
		5290FE1A244F70450059DB27 /* excusemakerTests */ = {
			isa = PBXGroup;
			children = (
				5290FE1B244F70450059DB27 /* excusemakerTests.swift */,
				5290FE1D244F70450059DB27 /* Info.plist */,
			);
			path = excusemakerTests;
			sourceTree = "<group>";
		};
		5290FE25244F70460059DB27 /* excusemakerUITests */ = {
			isa = PBXGroup;
			children = (
				5290FE26244F70460059DB27 /* excusemakerUITests.swift */,
				5290FE28244F70460059DB27 /* Info.plist */,
			);
			path = excusemakerUITests;
			sourceTree = "<group>";
		};
/* End PBXGroup section */

/* Begin PBXNativeTarget section */
		5290FE02244F70450059DB27 /* excusemaker */ = {
			isa = PBXNativeTarget;
			buildConfigurationList = 5290FE2B244F70460059DB27 /* Build configuration list for PBXNativeTarget "excusemaker" */;
			buildPhases = (
				5290FDFF244F70450059DB27 /* Sources */,
				5290FE00244F70450059DB27 /* Frameworks */,
				5290FE01244F70450059DB27 /* Resources */,
			);
			buildRules = (
			);
			dependencies = (
			);
			name = excusemaker;
			productName = excusemaker;
			productReference = 5290FE03244F70450059DB27 /* excusemaker.app */;
			productType = "com.apple.product-type.application";
		};
		5290FE16244F70450059DB27 /* excusemakerTests */ = {
			isa = PBXNativeTarget;
			buildConfigurationList = 5290FE2E244F70460059DB27 /* Build configuration list for PBXNativeTarget "excusemakerTests" */;
			buildPhases = (
				5290FE13244F70450059DB27 /* Sources */,
				5290FE14244F70450059DB27 /* Frameworks */,
				5290FE15244F70450059DB27 /* Resources */,
			);
			buildRules = (
			);
			dependencies = (
				5290FE19244F70450059DB27 /* PBXTargetDependency */,
			);
			name = excusemakerTests;
			productName = excusemakerTests;
			productReference = 5290FE17244F70450059DB27 /* excusemakerTests.xctest */;
			productType = "com.apple.product-type.bundle.unit-test";
		};
		5290FE21244F70460059DB27 /* excusemakerUITests */ = {
			isa = PBXNativeTarget;
			buildConfigurationList = 5290FE31244F70460059DB27 /* Build configuration list for PBXNativeTarget "excusemakerUITests" */;
			buildPhases = (
				5290FE1E244F70460059DB27 /* Sources */,
				5290FE1F244F70460059DB27 /* Frameworks */,
				5290FE20244F70460059DB27 /* Resources */,
			);
			buildRules = (
			);
			dependencies = (
				5290FE24244F70460059DB27 /* PBXTargetDependency */,
			);
			name = excusemakerUITests;
			productName = excusemakerUITests;
			productReference = 5290FE22244F70460059DB27 /* excusemakerUITests.xctest */;
			productType = "com.apple.product-type.bundle.ui-testing";
		};
/* End PBXNativeTarget section */

/* Begin PBXProject section */
		5290FDFB244F70450059DB27 /* Project object */ = {
			isa = PBXProject;
			attributes = {
				LastSwiftUpdateCheck = 1010;
				LastUpgradeCheck = 1010;
				ORGANIZATIONNAME = ptgms;
				TargetAttributes = {
					5290FE02244F70450059DB27 = {
						CreatedOnToolsVersion = 10.1;
					};
					5290FE16244F70450059DB27 = {
						CreatedOnToolsVersion = 10.1;
						TestTargetID = 5290FE02244F70450059DB27;
					};
					5290FE21244F70460059DB27 = {
						CreatedOnToolsVersion = 10.1;
						TestTargetID = 5290FE02244F70450059DB27;
					};
				};
			};
			buildConfigurationList = 5290FDFE244F70450059DB27 /* Build configuration list for PBXProject "excusemaker" */;
			compatibilityVersion = "Xcode 9.3";
			developmentRegion = en;
			hasScannedForEncodings = 0;
			knownRegions = (
				en,
				Base,
			);
			mainGroup = 5290FDFA244F70450059DB27;
			productRefGroup = 5290FE04244F70450059DB27 /* Products */;
			projectDirPath = "";
			projectRoot = "";
			targets = (
				5290FE02244F70450059DB27 /* excusemaker */,
				5290FE16244F70450059DB27 /* excusemakerTests */,
				5290FE21244F70460059DB27 /* excusemakerUITests */,
			);
		};
/* End PBXProject section */

/* Begin PBXResourcesBuildPhase section */
		5290FE01244F70450059DB27 /* Resources */ = {
			isa = PBXResourcesBuildPhase;
			buildActionMask = 2147483647;
			files = (
				5290FE11244F70450059DB27 /* LaunchScreen.storyboard in Resources */,
				52B24FE3246F0B0300A2A204 /* Localizable.strings in Resources */,
				5290FE0E244F70450059DB27 /* Assets.xcassets in Resources */,
				5290FE0C244F70450059DB27 /* Main.storyboard in Resources */,
			);
			runOnlyForDeploymentPostprocessing = 0;
		};
		5290FE15244F70450059DB27 /* Resources */ = {
			isa = PBXResourcesBuildPhase;
			buildActionMask = 2147483647;
			files = (
			);
			runOnlyForDeploymentPostprocessing = 0;
		};
		5290FE20244F70460059DB27 /* Resources */ = {
			isa = PBXResourcesBuildPhase;
			buildActionMask = 2147483647;
			files = (
			);
			runOnlyForDeploymentPostprocessing = 0;
		};
/* End PBXResourcesBuildPhase section */

/* Begin PBXSourcesBuildPhase section */
		5290FDFF244F70450059DB27 /* Sources */ = {
			isa = PBXSourcesBuildPhase;
			buildActionMask = 2147483647;
			files = (
				5290FE09244F70450059DB27 /* ViewController.swift in Sources */,
				52997337246DBC34003484B7 /* RepoTableViewController.swift in Sources */,
				52997333246DB1FF003484B7 /* SettingsTableViewController.swift in Sources */,
				5290FE07244F70450059DB27 /* AppDelegate.swift in Sources */,
				52B24FE0246EFD3E00A2A204 /* HistoryTableViewController.swift in Sources */,
			);
			runOnlyForDeploymentPostprocessing = 0;
		};
		5290FE13244F70450059DB27 /* Sources */ = {
			isa = PBXSourcesBuildPhase;
			buildActionMask = 2147483647;
			files = (
				5290FE1C244F70450059DB27 /* excusemakerTests.swift in Sources */,
			);
			runOnlyForDeploymentPostprocessing = 0;
		};
		5290FE1E244F70460059DB27 /* Sources */ = {
			isa = PBXSourcesBuildPhase;
			buildActionMask = 2147483647;
			files = (
				5290FE27244F70460059DB27 /* excusemakerUITests.swift in Sources */,
			);
			runOnlyForDeploymentPostprocessing = 0;
		};
/* End PBXSourcesBuildPhase section */

/* Begin PBXTargetDependency section */
		5290FE19244F70450059DB27 /* PBXTargetDependency */ = {
			isa = PBXTargetDependency;
			target = 5290FE02244F70450059DB27 /* excusemaker */;
			targetProxy = 5290FE18244F70450059DB27 /* PBXContainerItemProxy */;
		};
		5290FE24244F70460059DB27 /* PBXTargetDependency */ = {
			isa = PBXTargetDependency;
			target = 5290FE02244F70450059DB27 /* excusemaker */;
			targetProxy = 5290FE23244F70460059DB27 /* PBXContainerItemProxy */;
		};
/* End PBXTargetDependency section */

/* Begin PBXVariantGroup section */
		5290FE0A244F70450059DB27 /* Main.storyboard */ = {
			isa = PBXVariantGroup;
			children = (
				52FEE02224504DD2000F1CE8 /* Base */,
				52B24FE1246F09C800A2A204 /* de */,
			);
			name = Main.storyboard;
			sourceTree = "<group>";
		};
		5290FE0F244F70450059DB27 /* LaunchScreen.storyboard */ = {
			isa = PBXVariantGroup;
			children = (
				52FEE02324504DD2000F1CE8 /* Base */,
				52B24FE2246F09C900A2A204 /* de */,
			);
			name = LaunchScreen.storyboard;
			sourceTree = "<group>";
		};
		52B24FE5246F0B0300A2A204 /* Localizable.strings */ = {
			isa = PBXVariantGroup;
			children = (
				52B24FE4246F0B0300A2A204 /* de */,
				52B24FE6246F0B0600A2A204 /* en */,
			);
			name = Localizable.strings;
			sourceTree = "<group>";
		};
/* End PBXVariantGroup section */

/* Begin XCBuildConfiguration section */
		5290FE29244F70460059DB27 /* Debug */ = {
			isa = XCBuildConfiguration;
			buildSettings = {
				ALWAYS_SEARCH_USER_PATHS = NO;
				CLANG_ANALYZER_LOCALIZABILITY_NONLOCALIZED = YES;
				CLANG_ANALYZER_NONNULL = YES;
				CLANG_ANALYZER_NUMBER_OBJECT_CONVERSION = YES_AGGRESSIVE;
				CLANG_CXX_LANGUAGE_STANDARD = "gnu++14";
				CLANG_CXX_LIBRARY = "libc++";
				CLANG_ENABLE_MODULES = YES;
				CLANG_ENABLE_OBJC_ARC = YES;
				CLANG_ENABLE_OBJC_WEAK = YES;
				CLANG_WARN_BLOCK_CAPTURE_AUTORELEASING = YES;
				CLANG_WARN_BOOL_CONVERSION = YES;
				CLANG_WARN_COMMA = YES;
				CLANG_WARN_CONSTANT_CONVERSION = YES;
				CLANG_WARN_DEPRECATED_OBJC_IMPLEMENTATIONS = YES;
				CLANG_WARN_DIRECT_OBJC_ISA_USAGE = YES_ERROR;
				CLANG_WARN_DOCUMENTATION_COMMENTS = YES;
				CLANG_WARN_EMPTY_BODY = YES;
				CLANG_WARN_ENUM_CONVERSION = YES;
				CLANG_WARN_INFINITE_RECURSION = YES;
				CLANG_WARN_INT_CONVERSION = YES;
				CLANG_WARN_NON_LITERAL_NULL_CONVERSION = YES;
				CLANG_WARN_OBJC_IMPLICIT_RETAIN_SELF = YES;
				CLANG_WARN_OBJC_LITERAL_CONVERSION = YES;
				CLANG_WARN_OBJC_ROOT_CLASS = YES_ERROR;
				CLANG_WARN_RANGE_LOOP_ANALYSIS = YES;
				CLANG_WARN_STRICT_PROTOTYPES = YES;
				CLANG_WARN_SUSPICIOUS_MOVE = YES;
				CLANG_WARN_UNGUARDED_AVAILABILITY = YES_AGGRESSIVE;
				CLANG_WARN_UNREACHABLE_CODE = YES;
				CLANG_WARN__DUPLICATE_METHOD_MATCH = YES;
				CODE_SIGN_IDENTITY = "-";
				CODE_SIGN_STYLE = Manual;
				COPY_PHASE_STRIP = NO;
				DEBUG_INFORMATION_FORMAT = dwarf;
				ENABLE_STRICT_OBJC_MSGSEND = YES;
				ENABLE_TESTABILITY = YES;
				GCC_C_LANGUAGE_STANDARD = gnu11;
				GCC_DYNAMIC_NO_PIC = NO;
				GCC_NO_COMMON_BLOCKS = YES;
				GCC_OPTIMIZATION_LEVEL = 0;
				GCC_PREPROCESSOR_DEFINITIONS = (
					"DEBUG=1",
					"$(inherited)",
				);
				GCC_WARN_64_TO_32_BIT_CONVERSION = YES;
				GCC_WARN_ABOUT_RETURN_TYPE = YES_ERROR;
				GCC_WARN_UNDECLARED_SELECTOR = YES;
				GCC_WARN_UNINITIALIZED_AUTOS = YES_AGGRESSIVE;
				GCC_WARN_UNUSED_FUNCTION = YES;
				GCC_WARN_UNUSED_VARIABLE = YES;
				IPHONEOS_DEPLOYMENT_TARGET = 12.1;
				MTL_ENABLE_DEBUG_INFO = INCLUDE_SOURCE;
				MTL_FAST_MATH = YES;
				ONLY_ACTIVE_ARCH = YES;
				SDKROOT = iphoneos;
				SWIFT_ACTIVE_COMPILATION_CONDITIONS = DEBUG;
				SWIFT_OPTIMIZATION_LEVEL = "-Onone";
			};
			name = Debug;
		};
		5290FE2A244F70460059DB27 /* Release */ = {
			isa = XCBuildConfiguration;
			buildSettings = {
				ALWAYS_SEARCH_USER_PATHS = NO;
				CLANG_ANALYZER_LOCALIZABILITY_NONLOCALIZED = YES;
				CLANG_ANALYZER_NONNULL = YES;
				CLANG_ANALYZER_NUMBER_OBJECT_CONVERSION = YES_AGGRESSIVE;
				CLANG_CXX_LANGUAGE_STANDARD = "gnu++14";
				CLANG_CXX_LIBRARY = "libc++";
				CLANG_ENABLE_MODULES = YES;
				CLANG_ENABLE_OBJC_ARC = YES;
				CLANG_ENABLE_OBJC_WEAK = YES;
				CLANG_WARN_BLOCK_CAPTURE_AUTORELEASING = YES;
				CLANG_WARN_BOOL_CONVERSION = YES;
				CLANG_WARN_COMMA = YES;
				CLANG_WARN_CONSTANT_CONVERSION = YES;
				CLANG_WARN_DEPRECATED_OBJC_IMPLEMENTATIONS = YES;
				CLANG_WARN_DIRECT_OBJC_ISA_USAGE = YES_ERROR;
				CLANG_WARN_DOCUMENTATION_COMMENTS = YES;
				CLANG_WARN_EMPTY_BODY = YES;
				CLANG_WARN_ENUM_CONVERSION = YES;
				CLANG_WARN_INFINITE_RECURSION = YES;
				CLANG_WARN_INT_CONVERSION = YES;
				CLANG_WARN_NON_LITERAL_NULL_CONVERSION = YES;
				CLANG_WARN_OBJC_IMPLICIT_RETAIN_SELF = YES;
				CLANG_WARN_OBJC_LITERAL_CONVERSION = YES;
				CLANG_WARN_OBJC_ROOT_CLASS = YES_ERROR;
				CLANG_WARN_RANGE_LOOP_ANALYSIS = YES;
				CLANG_WARN_STRICT_PROTOTYPES = YES;
				CLANG_WARN_SUSPICIOUS_MOVE = YES;
				CLANG_WARN_UNGUARDED_AVAILABILITY = YES_AGGRESSIVE;
				CLANG_WARN_UNREACHABLE_CODE = YES;
				CLANG_WARN__DUPLICATE_METHOD_MATCH = YES;
				CODE_SIGN_IDENTITY = "-";
				CODE_SIGN_STYLE = Manual;
				COPY_PHASE_STRIP = NO;
				DEBUG_INFORMATION_FORMAT = "dwarf-with-dsym";
				ENABLE_NS_ASSERTIONS = NO;
				ENABLE_STRICT_OBJC_MSGSEND = YES;
				GCC_C_LANGUAGE_STANDARD = gnu11;
				GCC_NO_COMMON_BLOCKS = YES;
				GCC_WARN_64_TO_32_BIT_CONVERSION = YES;
				GCC_WARN_ABOUT_RETURN_TYPE = YES_ERROR;
				GCC_WARN_UNDECLARED_SELECTOR = YES;
				GCC_WARN_UNINITIALIZED_AUTOS = YES_AGGRESSIVE;
				GCC_WARN_UNUSED_FUNCTION = YES;
				GCC_WARN_UNUSED_VARIABLE = YES;
				IPHONEOS_DEPLOYMENT_TARGET = 12.1;
				MTL_ENABLE_DEBUG_INFO = NO;
				MTL_FAST_MATH = YES;
				SDKROOT = iphoneos;
				SWIFT_COMPILATION_MODE = wholemodule;
				SWIFT_OPTIMIZATION_LEVEL = "-O";
				VALIDATE_PRODUCT = YES;
			};
			name = Release;
		};
		5290FE2C244F70460059DB27 /* Debug */ = {
			isa = XCBuildConfiguration;
			buildSettings = {
				ASSETCATALOG_COMPILER_APPICON_NAME = AppIcon;
				CODE_SIGN_IDENTITY = "iPhone Developer";
				CODE_SIGN_INJECT_BASE_ENTITLEMENTS = NO;
				CODE_SIGN_STYLE = Automatic;
				DEVELOPMENT_TEAM = 89946UN8X8;
				INFOPLIST_FILE = excusemaker/Info.plist;
				IPHONEOS_DEPLOYMENT_TARGET = 11.0;
				LD_RUNPATH_SEARCH_PATHS = (
					"$(inherited)",
					"@executable_path/Frameworks",
				);
				PRODUCT_BUNDLE_IDENTIFIER = xyz.ptgms.excusemaker;
				PRODUCT_NAME = "$(TARGET_NAME)";
				PROVISIONING_PROFILE_SPECIFIER = "";
				SWIFT_VERSION = 4.2;
				TARGETED_DEVICE_FAMILY = "1,2";
			};
			name = Debug;
		};
		5290FE2D244F70460059DB27 /* Release */ = {
			isa = XCBuildConfiguration;
			buildSettings = {
				ASSETCATALOG_COMPILER_APPICON_NAME = AppIcon;
				CODE_SIGN_IDENTITY = "iPhone Developer";
				CODE_SIGN_INJECT_BASE_ENTITLEMENTS = NO;
				CODE_SIGN_STYLE = Automatic;
				DEVELOPMENT_TEAM = 89946UN8X8;
				INFOPLIST_FILE = excusemaker/Info.plist;
				IPHONEOS_DEPLOYMENT_TARGET = 11.0;
				LD_RUNPATH_SEARCH_PATHS = (
					"$(inherited)",
					"@executable_path/Frameworks",
				);
				PRODUCT_BUNDLE_IDENTIFIER = xyz.ptgms.excusemaker;
				PRODUCT_NAME = "$(TARGET_NAME)";
				PROVISIONING_PROFILE_SPECIFIER = "";
				SWIFT_VERSION = 4.2;
				TARGETED_DEVICE_FAMILY = "1,2";
			};
			name = Release;
		};
		5290FE2F244F70460059DB27 /* Debug */ = {
			isa = XCBuildConfiguration;
			buildSettings = {
				ALWAYS_EMBED_SWIFT_STANDARD_LIBRARIES = YES;
				BUNDLE_LOADER = "$(TEST_HOST)";
				CODE_SIGN_IDENTITY = "iPhone Developer";
				CODE_SIGN_STYLE = Automatic;
				DEVELOPMENT_TEAM = R2VD9CXX2L;
				INFOPLIST_FILE = excusemakerTests/Info.plist;
				LD_RUNPATH_SEARCH_PATHS = (
					"$(inherited)",
					"@executable_path/Frameworks",
					"@loader_path/Frameworks",
				);
				PRODUCT_BUNDLE_IDENTIFIER = ptgms.excusemakerTests;
				PRODUCT_NAME = "$(TARGET_NAME)";
				PROVISIONING_PROFILE_SPECIFIER = "";
				SWIFT_VERSION = 4.2;
				TARGETED_DEVICE_FAMILY = "1,2";
				TEST_HOST = "$(BUILT_PRODUCTS_DIR)/excusemaker.app/excusemaker";
			};
			name = Debug;
		};
		5290FE30244F70460059DB27 /* Release */ = {
			isa = XCBuildConfiguration;
			buildSettings = {
				ALWAYS_EMBED_SWIFT_STANDARD_LIBRARIES = YES;
				BUNDLE_LOADER = "$(TEST_HOST)";
				CODE_SIGN_IDENTITY = "iPhone Developer";
				CODE_SIGN_STYLE = Automatic;
				DEVELOPMENT_TEAM = R2VD9CXX2L;
				INFOPLIST_FILE = excusemakerTests/Info.plist;
				LD_RUNPATH_SEARCH_PATHS = (
					"$(inherited)",
					"@executable_path/Frameworks",
					"@loader_path/Frameworks",
				);
				PRODUCT_BUNDLE_IDENTIFIER = ptgms.excusemakerTests;
				PRODUCT_NAME = "$(TARGET_NAME)";
				PROVISIONING_PROFILE_SPECIFIER = "";
				SWIFT_VERSION = 4.2;
				TARGETED_DEVICE_FAMILY = "1,2";
				TEST_HOST = "$(BUILT_PRODUCTS_DIR)/excusemaker.app/excusemaker";
			};
			name = Release;
		};
		5290FE32244F70460059DB27 /* Debug */ = {
			isa = XCBuildConfiguration;
			buildSettings = {
				ALWAYS_EMBED_SWIFT_STANDARD_LIBRARIES = YES;
				CODE_SIGN_STYLE = Automatic;
				INFOPLIST_FILE = excusemakerUITests/Info.plist;
				LD_RUNPATH_SEARCH_PATHS = (
					"$(inherited)",
					"@executable_path/Frameworks",
					"@loader_path/Frameworks",
				);
				PRODUCT_BUNDLE_IDENTIFIER = ptgms.excusemakerUITests;
				PRODUCT_NAME = "$(TARGET_NAME)";
				SWIFT_VERSION = 4.2;
				TARGETED_DEVICE_FAMILY = "1,2";
				TEST_TARGET_NAME = excusemaker;
			};
			name = Debug;
		};
		5290FE33244F70460059DB27 /* Release */ = {
			isa = XCBuildConfiguration;
			buildSettings = {
				ALWAYS_EMBED_SWIFT_STANDARD_LIBRARIES = YES;
				CODE_SIGN_STYLE = Automatic;
				INFOPLIST_FILE = excusemakerUITests/Info.plist;
				LD_RUNPATH_SEARCH_PATHS = (
					"$(inherited)",
					"@executable_path/Frameworks",
					"@loader_path/Frameworks",
				);
				PRODUCT_BUNDLE_IDENTIFIER = ptgms.excusemakerUITests;
				PRODUCT_NAME = "$(TARGET_NAME)";
				SWIFT_VERSION = 4.2;
				TARGETED_DEVICE_FAMILY = "1,2";
				TEST_TARGET_NAME = excusemaker;
			};
			name = Release;
		};
/* End XCBuildConfiguration section */

/* Begin XCConfigurationList section */
		5290FDFE244F70450059DB27 /* Build configuration list for PBXProject "excusemaker" */ = {
			isa = XCConfigurationList;
			buildConfigurations = (
				5290FE29244F70460059DB27 /* Debug */,
				5290FE2A244F70460059DB27 /* Release */,
			);
			defaultConfigurationIsVisible = 0;
			defaultConfigurationName = Release;
		};
		5290FE2B244F70460059DB27 /* Build configuration list for PBXNativeTarget "excusemaker" */ = {
			isa = XCConfigurationList;
			buildConfigurations = (
				5290FE2C244F70460059DB27 /* Debug */,
				5290FE2D244F70460059DB27 /* Release */,
			);
			defaultConfigurationIsVisible = 0;
			defaultConfigurationName = Release;
		};
		5290FE2E244F70460059DB27 /* Build configuration list for PBXNativeTarget "excusemakerTests" */ = {
			isa = XCConfigurationList;
			buildConfigurations = (
				5290FE2F244F70460059DB27 /* Debug */,
				5290FE30244F70460059DB27 /* Release */,
			);
			defaultConfigurationIsVisible = 0;
			defaultConfigurationName = Release;
		};
		5290FE31244F70460059DB27 /* Build configuration list for PBXNativeTarget "excusemakerUITests" */ = {
			isa = XCConfigurationList;
			buildConfigurations = (
				5290FE32244F70460059DB27 /* Debug */,
				5290FE33244F70460059DB27 /* Release */,
			);
			defaultConfigurationIsVisible = 0;
			defaultConfigurationName = Release;
		};
/* End XCConfigurationList section */
	};
	rootObject = 5290FDFB244F70450059DB27 /* Project object */;
}
